
Microsoft Visual Studio Solution File, Format Version 12.00
# Visual Studio Version 16
VisualStudioVersion = 16.0.29025.244
MinimumVisualStudioVersion = 10.0.40219.1
Project("{8BC9CEB8-8B4A-11D0-8D11-00A0C91BC942}") = "Download Time Calculator", "Download Time Calculator\Download Time Calculator.vcxproj", "{11E8E4CE-FC30-4AD2-AB45-B831071185DF}"
EndProject
Global
	GlobalSection(SolutionConfigurationPlatforms) = preSolution
		Debug|x64 = Debug|x64
		Debug|x86 = Debug|x86
		Release|x64 = Release|x64
		Release|x86 = Release|x86
	EndGlobalSection
	GlobalSection(ProjectConfigurationPlatforms) = postSolution
		{11E8E4CE-FC30-4AD2-AB45-B831071185DF}.Debug|x64.ActiveCfg = Debug|x64
		{11E8E4CE-FC30-4AD2-AB45-B831071185DF}.Debug|x64.Build.0 = Debug|x64
		{11E8E4CE-FC30-4AD2-AB45-B831071185DF}.Debug|x86.ActiveCfg = Debug|Win32
		{11E8E4CE-FC30-4AD2-AB45-B831071185DF}.Debug|x86.Build.0 = Debug|Win32
		{11E8E4CE-FC30-4AD2-AB45-B831071185DF}.Release|x64.ActiveCfg = Release|x64
		{11E8E4CE-FC30-4AD2-AB45-B831071185DF}.Release|x64.Build.0 = Release|x64
		{11E8E4CE-FC30-4AD2-AB45-B831071185DF}.Release|x86.ActiveCfg = Release|Win32
		{11E8E4CE-FC30-4AD2-AB45-B831071185DF}.Release|x86.Build.0 = Release|Win32
	EndGlobalSection
	GlobalSection(SolutionProperties) = preSolution
		HideSolutionNode = FALSE
	EndGlobalSection
	GlobalSection(ExtensibilityGlobals) = postSolution
		SolutionGuid = {024AC612-FA86-4E18-AA6D-D6DE8DEF1943}
	EndGlobalSection
EndGlobal
